
Microsoft Visual Studio Solution File, Format Version 12.00
# Visual Studio Version 17
VisualStudioVersion = 17.0.31903.59
MinimumVisualStudioVersion = 10.0.40219.1
Project("{9A19103F-16F7-4668-BE54-9A1E7A4F7556}") = "OpenLayers.Blazor", "src\OpenLayers.Blazor\OpenLayers.Blazor.csproj", "{26DEF966-E500-4817-8D6D-C1AC0A3ACA02}"
EndProject
Project("{9A19103F-16F7-4668-BE54-9A1E7A4F7556}") = "OpenLayers.Blazor.Demo", "src\OpenLayers.Blazor.Demo\OpenLayers.Blazor.Demo.csproj", "{558FC061-5215-43DC-A7C1-CE3DA8D3112A}"
EndProject
Project("{9A19103F-16F7-4668-BE54-9A1E7A4F7556}") = "OpenLayers.Blazor.Demo.Server", "src\OpenLayers.Blazor.Demo.Server\OpenLayers.Blazor.Demo.Server.csproj", "{56CA5376-8AD9-481C-81B1-D82D0716989A}"
EndProject
Project("{9A19103F-16F7-4668-BE54-9A1E7A4F7556}") = "OpenLayers.Blazor.Demo.Maui", "src\OpenLayers.Blazor.Demo.Maui\OpenLayers.Blazor.Demo.Maui.csproj", "{0FEB3FC9-8E58-4AE7-B09B-7FA248687EC8}"
EndProject
Project("{9A19103F-16F7-4668-BE54-9A1E7A4F7556}") = "OpenLayers.Blazor.Tests", "test\OpenLayers.Blazor.Tests\OpenLayers.Blazor.Tests.csproj", "{D235BF12-E194-49CA-AB16-27E23D87B9C5}"
EndProject
Project("{9A19103F-16F7-4668-BE54-9A1E7A4F7556}") = "OpenLayers.Blazor.Demo.Components", "src\OpenLayers.Blazor.Demo.Components\OpenLayers.Blazor.Demo.Components.csproj", "{9BEEE062-7A06-4391-9934-B3963D62B50D}"
EndProject
Project("{2150E333-8FDC-42A3-9474-1A3956D46DE8}") = "Solution Items", "Solution Items", "{67C34A9D-CA3C-4313-93E1-DE9564C8BCCB}"
	ProjectSection(SolutionItems) = preProject
		.gitattributes = .gitattributes
		.gitignore = .gitignore
		icon.png = icon.png
		LICENSE = LICENSE
		README.md = README.md
	EndProjectSection
EndProject
Project("{2150E333-8FDC-42A3-9474-1A3956D46DE8}") = "src", "src", "{6A316A55-944A-4222-ACE2-EFA591915C2E}"
EndProject
Project("{2150E333-8FDC-42A3-9474-1A3956D46DE8}") = "tests", "tests", "{717EBEE2-DC73-4FFA-BF30-A3591D310620}"
EndProject
Global
	GlobalSection(SolutionConfigurationPlatforms) = preSolution
		Debug|Any CPU = Debug|Any CPU
		Release|Any CPU = Release|Any CPU
	EndGlobalSection
	GlobalSection(ProjectConfigurationPlatforms) = postSolution
		{26DEF966-E500-4817-8D6D-C1AC0A3ACA02}.Debug|Any CPU.ActiveCfg = Debug|Any CPU
		{26DEF966-E500-4817-8D6D-C1AC0A3ACA02}.Debug|Any CPU.Build.0 = Debug|Any CPU
		{26DEF966-E500-4817-8D6D-C1AC0A3ACA02}.Release|Any CPU.ActiveCfg = Release|Any CPU
		{26DEF966-E500-4817-8D6D-C1AC0A3ACA02}.Release|Any CPU.Build.0 = Release|Any CPU
		{558FC061-5215-43DC-A7C1-CE3DA8D3112A}.Debug|Any CPU.ActiveCfg = Debug|Any CPU
		{558FC061-5215-43DC-A7C1-CE3DA8D3112A}.Debug|Any CPU.Build.0 = Debug|Any CPU
		{558FC061-5215-43DC-A7C1-CE3DA8D3112A}.Release|Any CPU.ActiveCfg = Release|Any CPU
		{558FC061-5215-43DC-A7C1-CE3DA8D3112A}.Release|Any CPU.Build.0 = Release|Any CPU
		{56CA5376-8AD9-481C-81B1-D82D0716989A}.Debug|Any CPU.ActiveCfg = Debug|Any CPU
		{56CA5376-8AD9-481C-81B1-D82D0716989A}.Debug|Any CPU.Build.0 = Debug|Any CPU
		{56CA5376-8AD9-481C-81B1-D82D0716989A}.Release|Any CPU.ActiveCfg = Release|Any CPU
		{0FEB3FC9-8E58-4AE7-B09B-7FA248687EC8}.Debug|Any CPU.ActiveCfg = Debug|Any CPU
		{0FEB3FC9-8E58-4AE7-B09B-7FA248687EC8}.Release|Any CPU.ActiveCfg = Release|Any CPU
		{D235BF12-E194-49CA-AB16-27E23D87B9C5}.Debug|Any CPU.ActiveCfg = Debug|Any CPU
		{D235BF12-E194-49CA-AB16-27E23D87B9C5}.Debug|Any CPU.Build.0 = Debug|Any CPU
		{D235BF12-E194-49CA-AB16-27E23D87B9C5}.Release|Any CPU.ActiveCfg = Release|Any CPU
		{D235BF12-E194-49CA-AB16-27E23D87B9C5}.Release|Any CPU.Build.0 = Release|Any CPU
		{9BEEE062-7A06-4391-9934-B3963D62B50D}.Debug|Any CPU.ActiveCfg = Debug|Any CPU
		{9BEEE062-7A06-4391-9934-B3963D62B50D}.Debug|Any CPU.Build.0 = Debug|Any CPU
		{9BEEE062-7A06-4391-9934-B3963D62B50D}.Release|Any CPU.ActiveCfg = Release|Any CPU
		{9BEEE062-7A06-4391-9934-B3963D62B50D}.Release|Any CPU.Build.0 = Release|Any CPU
	EndGlobalSection
	GlobalSection(SolutionProperties) = preSolution
		HideSolutionNode = FALSE
	EndGlobalSection
	GlobalSection(NestedProjects) = preSolution
		{26DEF966-E500-4817-8D6D-C1AC0A3ACA02} = {6A316A55-944A-4222-ACE2-EFA591915C2E}
		{558FC061-5215-43DC-A7C1-CE3DA8D3112A} = {6A316A55-944A-4222-ACE2-EFA591915C2E}
		{56CA5376-8AD9-481C-81B1-D82D0716989A} = {6A316A55-944A-4222-ACE2-EFA591915C2E}
		{0FEB3FC9-8E58-4AE7-B09B-7FA248687EC8} = {6A316A55-944A-4222-ACE2-EFA591915C2E}
		{D235BF12-E194-49CA-AB16-27E23D87B9C5} = {717EBEE2-DC73-4FFA-BF30-A3591D310620}
		{9BEEE062-7A06-4391-9934-B3963D62B50D} = {6A316A55-944A-4222-ACE2-EFA591915C2E}
	EndGlobalSection
	GlobalSection(ExtensibilityGlobals) = postSolution
		SolutionGuid = {CD0B2594-9026-4061-B859-28912AB5C59F}
	EndGlobalSection
EndGlobal
